{
    "_readme": [
        "This file locks the dependencies of your project to a known state",
        "Read more about it at https://getcomposer.org/doc/01-basic-usage.md#installing-dependencies",
        "This file is @generated automatically"
    ],
    "content-hash": "676b8c2cd9f829f623e6622192934b18",
    "packages": [
        {
            "name": "ryxo/framework",
            "version": "0.0.1",
            "source": {
                "type": "git",
                "url": "https://github.com/Gyanendra-baghel/ryxo-framework.git",
                "reference": "5eb19d0e9c02d290dd23f052b3ac5d72d3528542"
            },
            "dist": {
                "type": "zip",
                "url": "https://api.github.com/repos/Gyanendra-baghel/ryxo-framework/zipball/5eb19d0e9c02d290dd23f052b3ac5d72d3528542",
                "reference": "5eb19d0e9c02d290dd23f052b3ac5d72d3528542",
                "shasum": ""
            },
            "require": {
                "php": "^8.1"
            },
            "type": "library",
            "autoload": {
                "files": [
                    "src/utils.php"
                ],
                "psr-4": {
                    "Ryxo\\": "src/"
                }
            },
            "notification-url": "https://packagist.org/downloads/",
            "license": [
                "MIT"
            ],
            "authors": [
                {
                    "name": "Gyanendra Baghel",
                    "email": "gyanendrabaghel633@gmail.com"
                }
            ],
            "description": "A lightweight and fast PHP framework designed for sprinting through development.",
            "keywords": [
                "framework",
                "ryxo"
            ],
            "support": {
                "issues": "https://github.com/Gyanendra-baghel/ryxo-framework/issues",
                "source": "https://github.com/Gyanendra-baghel/ryxo-framework/tree/0.0.1"
            },
            "time": "2023-11-13T10:44:10+00:00"
        },
        {
            "name": "symfony/dotenv",
            "version": "v7.0.7",
            "source": {
                "type": "git",
                "url": "https://github.com/symfony/dotenv.git",
                "reference": "0fd573c141e1990848702d56329050efd5bf25cc"
            },
            "dist": {
                "type": "zip",
                "url": "https://api.github.com/repos/symfony/dotenv/zipball/0fd573c141e1990848702d56329050efd5bf25cc",
                "reference": "0fd573c141e1990848702d56329050efd5bf25cc",
                "shasum": ""
            },
            "require": {
                "php": ">=8.2"
            },
            "conflict": {
                "symfony/console": "<6.4",
                "symfony/process": "<6.4"
            },
            "require-dev": {
                "symfony/console": "^6.4|^7.0",
                "symfony/process": "^6.4|^7.0"
            },
            "type": "library",
            "autoload": {
                "psr-4": {
                    "Symfony\\Component\\Dotenv\\": ""
                },
                "exclude-from-classmap": [
                    "/Tests/"
                ]
            },
            "notification-url": "https://packagist.org/downloads/",
            "license": [
                "MIT"
            ],
            "authors": [
                {
                    "name": "Fabien Potencier",
                    "email": "fabien@symfony.com"
                },
                {
                    "name": "Symfony Community",
                    "homepage": "https://symfony.com/contributors"
                }
            ],
            "description": "Registers environment variables from a .env file",
            "homepage": "https://symfony.com",
            "keywords": [
                "dotenv",
                "env",
                "environment"
            ],
            "support": {
                "source": "https://github.com/symfony/dotenv/tree/v7.0.7"
            },
            "funding": [
                {
                    "url": "https://symfony.com/sponsor",
                    "type": "custom"
                },
                {
                    "url": "https://github.com/fabpot",
                    "type": "github"
                },
                {
                    "url": "https://tidelift.com/funding/github/packagist/symfony/symfony",
                    "type": "tidelift"
                }
            ],
            "time": "2024-04-18T09:29:19+00:00"
        }
    ],
    "packages-dev": [],
    "aliases": [],
    "minimum-stability": "stable",
    "stability-flags": [],
    "prefer-stable": false,
    "prefer-lowest": false,
    "platform": [],
    "platform-dev": [],
    "plugin-api-version": "2.6.0"
}
